
Microsoft Visual Studio Solution File, Format Version 12.00
# Visual Studio Version 16
VisualStudioVersion = 16.0.810.16
MinimumVisualStudioVersion = 10.0.40219.1
Project("{FAE04EC0-301F-11D3-BF4B-00C04F79EFBC}") = "Deliverable2", "Deliverable2\Deliverable2.csproj", "{C0DF945C-48BA-46F9-806A-1F2760DC2DF1}"
EndProject
Global
	GlobalSection(SolutionConfigurationPlatforms) = preSolution
		Debug|Any CPU = Debug|Any CPU
		Release|Any CPU = Release|Any CPU
	EndGlobalSection
	GlobalSection(ProjectConfigurationPlatforms) = postSolution
		{C0DF945C-48BA-46F9-806A-1F2760DC2DF1}.Debug|Any CPU.ActiveCfg = Debug|Any CPU
		{C0DF945C-48BA-46F9-806A-1F2760DC2DF1}.Debug|Any CPU.Build.0 = Debug|Any CPU
		{C0DF945C-48BA-46F9-806A-1F2760DC2DF1}.Release|Any CPU.ActiveCfg = Release|Any CPU
		{C0DF945C-48BA-46F9-806A-1F2760DC2DF1}.Release|Any CPU.Build.0 = Release|Any CPU
	EndGlobalSection
	GlobalSection(SolutionProperties) = preSolution
		HideSolutionNode = FALSE
	EndGlobalSection
	GlobalSection(ExtensibilityGlobals) = postSolution
		SolutionGuid = {503A9BF9-00F0-4117-8F5A-89E2ED620788}
	EndGlobalSection
EndGlobal
